// !$*UTF8*$!
{
	archiveVersion = 1;
	classes = {
	};
	objectVersion = 46;
	objects = {

/* Begin PBXBuildFile section */
		78CB5D4E1D49616300C836D7 /* AppDelegate.swift in Sources */ = {isa = PBXBuildFile; fileRef = 78CB5D4D1D49616300C836D7 /* AppDelegate.swift */; };
		78CB5D501D49616300C836D7 /* ViewController.swift in Sources */ = {isa = PBXBuildFile; fileRef = 78CB5D4F1D49616300C836D7 /* ViewController.swift */; };
		78CB5D531D49616400C836D7 /* Main.storyboard in Resources */ = {isa = PBXBuildFile; fileRef = 78CB5D511D49616400C836D7 /* Main.storyboard */; };
		78CB5D551D49616400C836D7 /* Assets.xcassets in Resources */ = {isa = PBXBuildFile; fileRef = 78CB5D541D49616400C836D7 /* Assets.xcassets */; };
		78CB5D581D49616400C836D7 /* LaunchScreen.storyboard in Resources */ = {isa = PBXBuildFile; fileRef = 78CB5D561D49616400C836D7 /* LaunchScreen.storyboard */; };
		78CB5D631D49616400C836D7 /* GesturesAnimationsTests.swift in Sources */ = {isa = PBXBuildFile; fileRef = 78CB5D621D49616400C836D7 /* GesturesAnimationsTests.swift */; };
		78CB5D6E1D49616400C836D7 /* GesturesAnimationsUITests.swift in Sources */ = {isa = PBXBuildFile; fileRef = 78CB5D6D1D49616400C836D7 /* GesturesAnimationsUITests.swift */; };
/* End PBXBuildFile section */

/* Begin PBXContainerItemProxy section */
		78CB5D5F1D49616400C836D7 /* PBXContainerItemProxy */ = {
			isa = PBXContainerItemProxy;
			containerPortal = 78CB5D421D49616300C836D7 /* Project object */;
			proxyType = 1;
			remoteGlobalIDString = 78CB5D491D49616300C836D7;
			remoteInfo = GesturesAnimations;
		};
		78CB5D6A1D49616400C836D7 /* PBXContainerItemProxy */ = {
			isa = PBXContainerItemProxy;
			containerPortal = 78CB5D421D49616300C836D7 /* Project object */;
			proxyType = 1;
			remoteGlobalIDString = 78CB5D491D49616300C836D7;
			remoteInfo = GesturesAnimations;
		};
/* End PBXContainerItemProxy section */

/* Begin PBXFileReference section */
		78CB5D4A1D49616300C836D7 /* GesturesAnimations.app */ = {isa = PBXFileReference; explicitFileType = wrapper.application; includeInIndex = 0; path = GesturesAnimations.app; sourceTree = BUILT_PRODUCTS_DIR; };
		78CB5D4D1D49616300C836D7 /* AppDelegate.swift */ = {isa = PBXFileReference; lastKnownFileType = sourcecode.swift; path = AppDelegate.swift; sourceTree = "<group>"; };
		78CB5D4F1D49616300C836D7 /* ViewController.swift */ = {isa = PBXFileReference; lastKnownFileType = sourcecode.swift; path = ViewController.swift; sourceTree = "<group>"; };
		78CB5D521D49616400C836D7 /* Base */ = {isa = PBXFileReference; lastKnownFileType = file.storyboard; name = Base; path = Base.lproj/Main.storyboard; sourceTree = "<group>"; };
		78CB5D541D49616400C836D7 /* Assets.xcassets */ = {isa = PBXFileReference; lastKnownFileType = folder.assetcatalog; path = Assets.xcassets; sourceTree = "<group>"; };
		78CB5D571D49616400C836D7 /* Base */ = {isa = PBXFileReference; lastKnownFileType = file.storyboard; name = Base; path = Base.lproj/LaunchScreen.storyboard; sourceTree = "<group>"; };
		78CB5D591D49616400C836D7 /* Info.plist */ = {isa = PBXFileReference; lastKnownFileType = text.plist.xml; path = Info.plist; sourceTree = "<group>"; };
		78CB5D5E1D49616400C836D7 /* GesturesAnimationsTests.xctest */ = {isa = PBXFileReference; explicitFileType = wrapper.cfbundle; includeInIndex = 0; path = GesturesAnimationsTests.xctest; sourceTree = BUILT_PRODUCTS_DIR; };
		78CB5D621D49616400C836D7 /* GesturesAnimationsTests.swift */ = {isa = PBXFileReference; lastKnownFileType = sourcecode.swift; path = GesturesAnimationsTests.swift; sourceTree = "<group>"; };
		78CB5D641D49616400C836D7 /* Info.plist */ = {isa = PBXFileReference; lastKnownFileType = text.plist.xml; path = Info.plist; sourceTree = "<group>"; };
		78CB5D691D49616400C836D7 /* GesturesAnimationsUITests.xctest */ = {isa = PBXFileReference; explicitFileType = wrapper.cfbundle; includeInIndex = 0; path = GesturesAnimationsUITests.xctest; sourceTree = BUILT_PRODUCTS_DIR; };
		78CB5D6D1D49616400C836D7 /* GesturesAnimationsUITests.swift */ = {isa = PBXFileReference; lastKnownFileType = sourcecode.swift; path = GesturesAnimationsUITests.swift; sourceTree = "<group>"; };
		78CB5D6F1D49616400C836D7 /* Info.plist */ = {isa = PBXFileReference; lastKnownFileType = text.plist.xml; path = Info.plist; sourceTree = "<group>"; };
/* End PBXFileReference section */

/* Begin PBXFrameworksBuildPhase section */
		78CB5D471D49616300C836D7 /* Frameworks */ = {
			isa = PBXFrameworksBuildPhase;
			buildActionMask = 2147483647;
			files = (
			);
			runOnlyForDeploymentPostprocessing = 0;
		};
		78CB5D5B1D49616400C836D7 /* Frameworks */ = {
			isa = PBXFrameworksBuildPhase;
			buildActionMask = 2147483647;
			files = (
			);
			runOnlyForDeploymentPostprocessing = 0;
		};
		78CB5D661D49616400C836D7 /* Frameworks */ = {
			isa = PBXFrameworksBuildPhase;
			buildActionMask = 2147483647;
			files = (
			);
			runOnlyForDeploymentPostprocessing = 0;
		};
/* End PBXFrameworksBuildPhase section */

/* Begin PBXGroup section */
		78CB5D411D49616300C836D7 = {
			isa = PBXGroup;
			children = (
				78CB5D4C1D49616300C836D7 /* GesturesAnimations */,
				78CB5D611D49616400C836D7 /* GesturesAnimationsTests */,
				78CB5D6C1D49616400C836D7 /* GesturesAnimationsUITests */,
				78CB5D4B1D49616300C836D7 /* Products */,
			);
			sourceTree = "<group>";
		};
		78CB5D4B1D49616300C836D7 /* Products */ = {
			isa = PBXGroup;
			children = (
				78CB5D4A1D49616300C836D7 /* GesturesAnimations.app */,
				78CB5D5E1D49616400C836D7 /* GesturesAnimationsTests.xctest */,
				78CB5D691D49616400C836D7 /* GesturesAnimationsUITests.xctest */,
			);
			name = Products;
			sourceTree = "<group>";
		};
		78CB5D4C1D49616300C836D7 /* GesturesAnimations */ = {
			isa = PBXGroup;
			children = (
				78CB5D4D1D49616300C836D7 /* AppDelegate.swift */,
				78CB5D4F1D49616300C836D7 /* ViewController.swift */,
				78CB5D511D49616400C836D7 /* Main.storyboard */,
				78CB5D541D49616400C836D7 /* Assets.xcassets */,
				78CB5D561D49616400C836D7 /* LaunchScreen.storyboard */,
				78CB5D591D49616400C836D7 /* Info.plist */,
			);
			path = GesturesAnimations;
			sourceTree = "<group>";
		};
		78CB5D611D49616400C836D7 /* GesturesAnimationsTests */ = {
			isa = PBXGroup;
			children = (
				78CB5D621D49616400C836D7 /* GesturesAnimationsTests.swift */,
				78CB5D641D49616400C836D7 /* Info.plist */,
			);
			path = GesturesAnimationsTests;
			sourceTree = "<group>";
		};
		78CB5D6C1D49616400C836D7 /* GesturesAnimationsUITests */ = {
			isa = PBXGroup;
			children = (
				78CB5D6D1D49616400C836D7 /* GesturesAnimationsUITests.swift */,
				78CB5D6F1D49616400C836D7 /* Info.plist */,
			);
			path = GesturesAnimationsUITests;
			sourceTree = "<group>";
		};
/* End PBXGroup section */

/* Begin PBXNativeTarget section */
		78CB5D491D49616300C836D7 /* GesturesAnimations */ = {
			isa = PBXNativeTarget;
			buildConfigurationList = 78CB5D721D49616400C836D7 /* Build configuration list for PBXNativeTarget "GesturesAnimations" */;
			buildPhases = (
				78CB5D461D49616300C836D7 /* Sources */,
				78CB5D471D49616300C836D7 /* Frameworks */,
				78CB5D481D49616300C836D7 /* Resources */,
			);
			buildRules = (
			);
			dependencies = (
			);
			name = GesturesAnimations;
			productName = GesturesAnimations;
			productReference = 78CB5D4A1D49616300C836D7 /* GesturesAnimations.app */;
			productType = "com.apple.product-type.application";
		};
		78CB5D5D1D49616400C836D7 /* GesturesAnimationsTests */ = {
			isa = PBXNativeTarget;
			buildConfigurationList = 78CB5D751D49616400C836D7 /* Build configuration list for PBXNativeTarget "GesturesAnimationsTests" */;
			buildPhases = (
				78CB5D5A1D49616400C836D7 /* Sources */,
				78CB5D5B1D49616400C836D7 /* Frameworks */,
				78CB5D5C1D49616400C836D7 /* Resources */,
			);
			buildRules = (
			);
			dependencies = (
				78CB5D601D49616400C836D7 /* PBXTargetDependency */,
			);
			name = GesturesAnimationsTests;
			productName = GesturesAnimationsTests;
			productReference = 78CB5D5E1D49616400C836D7 /* GesturesAnimationsTests.xctest */;
			productType = "com.apple.product-type.bundle.unit-test";
		};
		78CB5D681D49616400C836D7 /* GesturesAnimationsUITests */ = {
			isa = PBXNativeTarget;
			buildConfigurationList = 78CB5D781D49616400C836D7 /* Build configuration list for PBXNativeTarget "GesturesAnimationsUITests" */;
			buildPhases = (
				78CB5D651D49616400C836D7 /* Sources */,
				78CB5D661D49616400C836D7 /* Frameworks */,
				78CB5D671D49616400C836D7 /* Resources */,
			);
			buildRules = (
			);
			dependencies = (
				78CB5D6B1D49616400C836D7 /* PBXTargetDependency */,
			);
			name = GesturesAnimationsUITests;
			productName = GesturesAnimationsUITests;
			productReference = 78CB5D691D49616400C836D7 /* GesturesAnimationsUITests.xctest */;
			productType = "com.apple.product-type.bundle.ui-testing";
		};
/* End PBXNativeTarget section */

/* Begin PBXProject section */
		78CB5D421D49616300C836D7 /* Project object */ = {
			isa = PBXProject;
			attributes = {
				LastSwiftUpdateCheck = 0730;
				LastUpgradeCheck = 0730;
				ORGANIZATIONNAME = Nafisa;
				TargetAttributes = {
					78CB5D491D49616300C836D7 = {
						CreatedOnToolsVersion = 7.3.1;
					};
					78CB5D5D1D49616400C836D7 = {
						CreatedOnToolsVersion = 7.3.1;
						TestTargetID = 78CB5D491D49616300C836D7;
					};
					78CB5D681D49616400C836D7 = {
						CreatedOnToolsVersion = 7.3.1;
						TestTargetID = 78CB5D491D49616300C836D7;
					};
				};
			};
			buildConfigurationList = 78CB5D451D49616300C836D7 /* Build configuration list for PBXProject "GesturesAnimations" */;
			compatibilityVersion = "Xcode 3.2";
			developmentRegion = English;
			hasScannedForEncodings = 0;
			knownRegions = (
				en,
				Base,
			);
			mainGroup = 78CB5D411D49616300C836D7;
			productRefGroup = 78CB5D4B1D49616300C836D7 /* Products */;
			projectDirPath = "";
			projectRoot = "";
			targets = (
				78CB5D491D49616300C836D7 /* GesturesAnimations */,
				78CB5D5D1D49616400C836D7 /* GesturesAnimationsTests */,
				78CB5D681D49616400C836D7 /* GesturesAnimationsUITests */,
			);
		};
/* End PBXProject section */

/* Begin PBXResourcesBuildPhase section */
		78CB5D481D49616300C836D7 /* Resources */ = {
			isa = PBXResourcesBuildPhase;
			buildActionMask = 2147483647;
			files = (
				78CB5D581D49616400C836D7 /* LaunchScreen.storyboard in Resources */,
				78CB5D551D49616400C836D7 /* Assets.xcassets in Resources */,
				78CB5D531D49616400C836D7 /* Main.storyboard in Resources */,
			);
			runOnlyForDeploymentPostprocessing = 0;
		};
		78CB5D5C1D49616400C836D7 /* Resources */ = {
			isa = PBXResourcesBuildPhase;
			buildActionMask = 2147483647;
			files = (
			);
			runOnlyForDeploymentPostprocessing = 0;
		};
		78CB5D671D49616400C836D7 /* Resources */ = {
			isa = PBXResourcesBuildPhase;
			buildActionMask = 2147483647;
			files = (
			);
			runOnlyForDeploymentPostprocessing = 0;
		};
/* End PBXResourcesBuildPhase section */

/* Begin PBXSourcesBuildPhase section */
		78CB5D461D49616300C836D7 /* Sources */ = {
			isa = PBXSourcesBuildPhase;
			buildActionMask = 2147483647;
			files = (
				78CB5D501D49616300C836D7 /* ViewController.swift in Sources */,
				78CB5D4E1D49616300C836D7 /* AppDelegate.swift in Sources */,
			);
			runOnlyForDeploymentPostprocessing = 0;
		};
		78CB5D5A1D49616400C836D7 /* Sources */ = {
			isa = PBXSourcesBuildPhase;
			buildActionMask = 2147483647;
			files = (
				78CB5D631D49616400C836D7 /* GesturesAnimationsTests.swift in Sources */,
			);
			runOnlyForDeploymentPostprocessing = 0;
		};
		78CB5D651D49616400C836D7 /* Sources */ = {
			isa = PBXSourcesBuildPhase;
			buildActionMask = 2147483647;
			files = (
				78CB5D6E1D49616400C836D7 /* GesturesAnimationsUITests.swift in Sources */,
			);
			runOnlyForDeploymentPostprocessing = 0;
		};
/* End PBXSourcesBuildPhase section */

/* Begin PBXTargetDependency section */
		78CB5D601D49616400C836D7 /* PBXTargetDependency */ = {
			isa = PBXTargetDependency;
			target = 78CB5D491D49616300C836D7 /* GesturesAnimations */;
			targetProxy = 78CB5D5F1D49616400C836D7 /* PBXContainerItemProxy */;
		};
		78CB5D6B1D49616400C836D7 /* PBXTargetDependency */ = {
			isa = PBXTargetDependency;
			target = 78CB5D491D49616300C836D7 /* GesturesAnimations */;
			targetProxy = 78CB5D6A1D49616400C836D7 /* PBXContainerItemProxy */;
		};
/* End PBXTargetDependency section */

/* Begin PBXVariantGroup section */
		78CB5D511D49616400C836D7 /* Main.storyboard */ = {
			isa = PBXVariantGroup;
			children = (
				78CB5D521D49616400C836D7 /* Base */,
			);
			name = Main.storyboard;
			sourceTree = "<group>";
		};
		78CB5D561D49616400C836D7 /* LaunchScreen.storyboard */ = {
			isa = PBXVariantGroup;
			children = (
				78CB5D571D49616400C836D7 /* Base */,
			);
			name = LaunchScreen.storyboard;
			sourceTree = "<group>";
		};
/* End PBXVariantGroup section */

/* Begin XCBuildConfiguration section */
		78CB5D701D49616400C836D7 /* Debug */ = {
			isa = XCBuildConfiguration;
			buildSettings = {
				ALWAYS_SEARCH_USER_PATHS = NO;
				CLANG_ANALYZER_NONNULL = YES;
				CLANG_CXX_LANGUAGE_STANDARD = "gnu++0x";
				CLANG_CXX_LIBRARY = "libc++";
				CLANG_ENABLE_MODULES = YES;
				CLANG_ENABLE_OBJC_ARC = YES;
				CLANG_WARN_BOOL_CONVERSION = YES;
				CLANG_WARN_CONSTANT_CONVERSION = YES;
				CLANG_WARN_DIRECT_OBJC_ISA_USAGE = YES_ERROR;
				CLANG_WARN_EMPTY_BODY = YES;
				CLANG_WARN_ENUM_CONVERSION = YES;
				CLANG_WARN_INT_CONVERSION = YES;
				CLANG_WARN_OBJC_ROOT_CLASS = YES_ERROR;
				CLANG_WARN_UNREACHABLE_CODE = YES;
				CLANG_WARN__DUPLICATE_METHOD_MATCH = YES;
				"CODE_SIGN_IDENTITY[sdk=iphoneos*]" = "iPhone Developer";
				COPY_PHASE_STRIP = NO;
				DEBUG_INFORMATION_FORMAT = dwarf;
				ENABLE_STRICT_OBJC_MSGSEND = YES;
				ENABLE_TESTABILITY = YES;
				GCC_C_LANGUAGE_STANDARD = gnu99;
				GCC_DYNAMIC_NO_PIC = NO;
				GCC_NO_COMMON_BLOCKS = YES;
				GCC_OPTIMIZATION_LEVEL = 0;
				GCC_PREPROCESSOR_DEFINITIONS = (
					"DEBUG=1",
					"$(inherited)",
				);
				GCC_WARN_64_TO_32_BIT_CONVERSION = YES;
				GCC_WARN_ABOUT_RETURN_TYPE = YES_ERROR;
				GCC_WARN_UNDECLARED_SELECTOR = YES;
				GCC_WARN_UNINITIALIZED_AUTOS = YES_AGGRESSIVE;
				GCC_WARN_UNUSED_FUNCTION = YES;
				GCC_WARN_UNUSED_VARIABLE = YES;
				IPHONEOS_DEPLOYMENT_TARGET = 9.3;
				MTL_ENABLE_DEBUG_INFO = YES;
				ONLY_ACTIVE_ARCH = YES;
				SDKROOT = iphoneos;
				SWIFT_OPTIMIZATION_LEVEL = "-Onone";
				TARGETED_DEVICE_FAMILY = "1,2";
			};
			name = Debug;
		};
		78CB5D711D49616400C836D7 /* Release */ = {
			isa = XCBuildConfiguration;
			buildSettings = {
				ALWAYS_SEARCH_USER_PATHS = NO;
				CLANG_ANALYZER_NONNULL = YES;
				CLANG_CXX_LANGUAGE_STANDARD = "gnu++0x";
				CLANG_CXX_LIBRARY = "libc++";
				CLANG_ENABLE_MODULES = YES;
				CLANG_ENABLE_OBJC_ARC = YES;
				CLANG_WARN_BOOL_CONVERSION = YES;
				CLANG_WARN_CONSTANT_CONVERSION = YES;
				CLANG_WARN_DIRECT_OBJC_ISA_USAGE = YES_ERROR;
				CLANG_WARN_EMPTY_BODY = YES;
				CLANG_WARN_ENUM_CONVERSION = YES;
				CLANG_WARN_INT_CONVERSION = YES;
				CLANG_WARN_OBJC_ROOT_CLASS = YES_ERROR;
				CLANG_WARN_UNREACHABLE_CODE = YES;
				CLANG_WARN__DUPLICATE_METHOD_MATCH = YES;
				"CODE_SIGN_IDENTITY[sdk=iphoneos*]" = "iPhone Developer";
				COPY_PHASE_STRIP = NO;
				DEBUG_INFORMATION_FORMAT = "dwarf-with-dsym";
				ENABLE_NS_ASSERTIONS = NO;
				ENABLE_STRICT_OBJC_MSGSEND = YES;
				GCC_C_LANGUAGE_STANDARD = gnu99;
				GCC_NO_COMMON_BLOCKS = YES;
				GCC_WARN_64_TO_32_BIT_CONVERSION = YES;
				GCC_WARN_ABOUT_RETURN_TYPE = YES_ERROR;
				GCC_WARN_UNDECLARED_SELECTOR = YES;
				GCC_WARN_UNINITIALIZED_AUTOS = YES_AGGRESSIVE;
				GCC_WARN_UNUSED_FUNCTION = YES;
				GCC_WARN_UNUSED_VARIABLE = YES;
				IPHONEOS_DEPLOYMENT_TARGET = 9.3;
				MTL_ENABLE_DEBUG_INFO = NO;
				SDKROOT = iphoneos;
				TARGETED_DEVICE_FAMILY = "1,2";
				VALIDATE_PRODUCT = YES;
			};
			name = Release;
		};
		78CB5D731D49616400C836D7 /* Debug */ = {
			isa = XCBuildConfiguration;
			buildSettings = {
				ASSETCATALOG_COMPILER_APPICON_NAME = AppIcon;
				INFOPLIST_FILE = GesturesAnimations/Info.plist;
				LD_RUNPATH_SEARCH_PATHS = "$(inherited) @executable_path/Frameworks";
				PRODUCT_BUNDLE_IDENTIFIER = com.nafisa.GesturesAnimations;
				PRODUCT_NAME = "$(TARGET_NAME)";
			};
			name = Debug;
		};
		78CB5D741D49616400C836D7 /* Release */ = {
			isa = XCBuildConfiguration;
			buildSettings = {
				ASSETCATALOG_COMPILER_APPICON_NAME = AppIcon;
				INFOPLIST_FILE = GesturesAnimations/Info.plist;
				LD_RUNPATH_SEARCH_PATHS = "$(inherited) @executable_path/Frameworks";
				PRODUCT_BUNDLE_IDENTIFIER = com.nafisa.GesturesAnimations;
				PRODUCT_NAME = "$(TARGET_NAME)";
			};
			name = Release;
		};
		78CB5D761D49616400C836D7 /* Debug */ = {
			isa = XCBuildConfiguration;
			buildSettings = {
				BUNDLE_LOADER = "$(TEST_HOST)";
				INFOPLIST_FILE = GesturesAnimationsTests/Info.plist;
				LD_RUNPATH_SEARCH_PATHS = "$(inherited) @executable_path/Frameworks @loader_path/Frameworks";
				PRODUCT_BUNDLE_IDENTIFIER = com.nafisa.GesturesAnimationsTests;
				PRODUCT_NAME = "$(TARGET_NAME)";
				TEST_HOST = "$(BUILT_PRODUCTS_DIR)/GesturesAnimations.app/GesturesAnimations";
			};
			name = Debug;
		};
		78CB5D771D49616400C836D7 /* Release */ = {
			isa = XCBuildConfiguration;
			buildSettings = {
				BUNDLE_LOADER = "$(TEST_HOST)";
				INFOPLIST_FILE = GesturesAnimationsTests/Info.plist;
				LD_RUNPATH_SEARCH_PATHS = "$(inherited) @executable_path/Frameworks @loader_path/Frameworks";
				PRODUCT_BUNDLE_IDENTIFIER = com.nafisa.GesturesAnimationsTests;
				PRODUCT_NAME = "$(TARGET_NAME)";
				TEST_HOST = "$(BUILT_PRODUCTS_DIR)/GesturesAnimations.app/GesturesAnimations";
			};
			name = Release;
		};
		78CB5D791D49616400C836D7 /* Debug */ = {
			isa = XCBuildConfiguration;
			buildSettings = {
				INFOPLIST_FILE = GesturesAnimationsUITests/Info.plist;
				LD_RUNPATH_SEARCH_PATHS = "$(inherited) @executable_path/Frameworks @loader_path/Frameworks";
				PRODUCT_BUNDLE_IDENTIFIER = com.nafisa.GesturesAnimationsUITests;
				PRODUCT_NAME = "$(TARGET_NAME)";
				TEST_TARGET_NAME = GesturesAnimations;
			};
			name = Debug;
		};
		78CB5D7A1D49616400C836D7 /* Release */ = {
			isa = XCBuildConfiguration;
			buildSettings = {
				INFOPLIST_FILE = GesturesAnimationsUITests/Info.plist;
				LD_RUNPATH_SEARCH_PATHS = "$(inherited) @executable_path/Frameworks @loader_path/Frameworks";
				PRODUCT_BUNDLE_IDENTIFIER = com.nafisa.GesturesAnimationsUITests;
				PRODUCT_NAME = "$(TARGET_NAME)";
				TEST_TARGET_NAME = GesturesAnimations;
			};
			name = Release;
		};
/* End XCBuildConfiguration section */

/* Begin XCConfigurationList section */
		78CB5D451D49616300C836D7 /* Build configuration list for PBXProject "GesturesAnimations" */ = {
			isa = XCConfigurationList;
			buildConfigurations = (
				78CB5D701D49616400C836D7 /* Debug */,
				78CB5D711D49616400C836D7 /* Release */,
			);
			defaultConfigurationIsVisible = 0;
			defaultConfigurationName = Release;
		};
		78CB5D721D49616400C836D7 /* Build configuration list for PBXNativeTarget "GesturesAnimations" */ = {
			isa = XCConfigurationList;
			buildConfigurations = (
				78CB5D731D49616400C836D7 /* Debug */,
				78CB5D741D49616400C836D7 /* Release */,
			);
			defaultConfigurationIsVisible = 0;
		};
		78CB5D751D49616400C836D7 /* Build configuration list for PBXNativeTarget "GesturesAnimationsTests" */ = {
			isa = XCConfigurationList;
			buildConfigurations = (
				78CB5D761D49616400C836D7 /* Debug */,
				78CB5D771D49616400C836D7 /* Release */,
			);
			defaultConfigurationIsVisible = 0;
		};
		78CB5D781D49616400C836D7 /* Build configuration list for PBXNativeTarget "GesturesAnimationsUITests" */ = {
			isa = XCConfigurationList;
			buildConfigurations = (
				78CB5D791D49616400C836D7 /* Debug */,
				78CB5D7A1D49616400C836D7 /* Release */,
			);
			defaultConfigurationIsVisible = 0;
		};
/* End XCConfigurationList section */
	};
	rootObject = 78CB5D421D49616300C836D7 /* Project object */;
}
